// !$*UTF8*$!
{
	archiveVersion = 1;
	classes = {
	};
	objectVersion = 50;
	objects = {

/* Begin PBXBuildFile section */
		A1BD2A1020D24D1C00400FC2 /* AppDelegate.swift in Sources */ = {isa = PBXBuildFile; fileRef = A1BD2A0F20D24D1C00400FC2 /* AppDelegate.swift */; };
		A1BD2A1220D24D1C00400FC2 /* ViewController.swift in Sources */ = {isa = PBXBuildFile; fileRef = A1BD2A1120D24D1C00400FC2 /* ViewController.swift */; };
		A1BD2A1520D24D1C00400FC2 /* Main.storyboard in Resources */ = {isa = PBXBuildFile; fileRef = A1BD2A1320D24D1C00400FC2 /* Main.storyboard */; };
		A1BD2A1820D24D1C00400FC2 /* KhuongBlockchain.xcdatamodeld in Sources */ = {isa = PBXBuildFile; fileRef = A1BD2A1620D24D1C00400FC2 /* KhuongBlockchain.xcdatamodeld */; };
		A1BD2A1A20D24D1E00400FC2 /* Assets.xcassets in Resources */ = {isa = PBXBuildFile; fileRef = A1BD2A1920D24D1E00400FC2 /* Assets.xcassets */; };
		A1BD2A1D20D24D1E00400FC2 /* LaunchScreen.storyboard in Resources */ = {isa = PBXBuildFile; fileRef = A1BD2A1B20D24D1E00400FC2 /* LaunchScreen.storyboard */; };
		A1BD2A2820D24D1E00400FC2 /* KhuongBlockchainTests.swift in Sources */ = {isa = PBXBuildFile; fileRef = A1BD2A2720D24D1E00400FC2 /* KhuongBlockchainTests.swift */; };
		A1BD2A3320D24D1E00400FC2 /* KhuongBlockchainUITests.swift in Sources */ = {isa = PBXBuildFile; fileRef = A1BD2A3220D24D1E00400FC2 /* KhuongBlockchainUITests.swift */; };
		A1BD2A4120D24D7E00400FC2 /* Block.swift in Sources */ = {isa = PBXBuildFile; fileRef = A1BD2A4020D24D7E00400FC2 /* Block.swift */; };
		A1BD2A4320D24E3900400FC2 /* Blockchain.swift in Sources */ = {isa = PBXBuildFile; fileRef = A1BD2A4220D24E3900400FC2 /* Blockchain.swift */; };
/* End PBXBuildFile section */

/* Begin PBXContainerItemProxy section */
		A1BD2A2420D24D1E00400FC2 /* PBXContainerItemProxy */ = {
			isa = PBXContainerItemProxy;
			containerPortal = A1BD2A0420D24D1C00400FC2 /* Project object */;
			proxyType = 1;
			remoteGlobalIDString = A1BD2A0B20D24D1C00400FC2;
			remoteInfo = KhuongBlockchain;
		};
		A1BD2A2F20D24D1E00400FC2 /* PBXContainerItemProxy */ = {
			isa = PBXContainerItemProxy;
			containerPortal = A1BD2A0420D24D1C00400FC2 /* Project object */;
			proxyType = 1;
			remoteGlobalIDString = A1BD2A0B20D24D1C00400FC2;
			remoteInfo = KhuongBlockchain;
		};
/* End PBXContainerItemProxy section */

/* Begin PBXFileReference section */
		A1BD2A0C20D24D1C00400FC2 /* KhuongBlockchain.app */ = {isa = PBXFileReference; explicitFileType = wrapper.application; includeInIndex = 0; path = KhuongBlockchain.app; sourceTree = BUILT_PRODUCTS_DIR; };
		A1BD2A0F20D24D1C00400FC2 /* AppDelegate.swift */ = {isa = PBXFileReference; lastKnownFileType = sourcecode.swift; path = AppDelegate.swift; sourceTree = "<group>"; };
		A1BD2A1120D24D1C00400FC2 /* ViewController.swift */ = {isa = PBXFileReference; lastKnownFileType = sourcecode.swift; path = ViewController.swift; sourceTree = "<group>"; };
		A1BD2A1420D24D1C00400FC2 /* Base */ = {isa = PBXFileReference; lastKnownFileType = file.storyboard; name = Base; path = Base.lproj/Main.storyboard; sourceTree = "<group>"; };
		A1BD2A1720D24D1C00400FC2 /* KhuongBlockchain.xcdatamodel */ = {isa = PBXFileReference; lastKnownFileType = wrapper.xcdatamodel; path = KhuongBlockchain.xcdatamodel; sourceTree = "<group>"; };
		A1BD2A1920D24D1E00400FC2 /* Assets.xcassets */ = {isa = PBXFileReference; lastKnownFileType = folder.assetcatalog; path = Assets.xcassets; sourceTree = "<group>"; };
		A1BD2A1C20D24D1E00400FC2 /* Base */ = {isa = PBXFileReference; lastKnownFileType = file.storyboard; name = Base; path = Base.lproj/LaunchScreen.storyboard; sourceTree = "<group>"; };
		A1BD2A1E20D24D1E00400FC2 /* Info.plist */ = {isa = PBXFileReference; lastKnownFileType = text.plist.xml; path = Info.plist; sourceTree = "<group>"; };
		A1BD2A2320D24D1E00400FC2 /* KhuongBlockchainTests.xctest */ = {isa = PBXFileReference; explicitFileType = wrapper.cfbundle; includeInIndex = 0; path = KhuongBlockchainTests.xctest; sourceTree = BUILT_PRODUCTS_DIR; };
		A1BD2A2720D24D1E00400FC2 /* KhuongBlockchainTests.swift */ = {isa = PBXFileReference; lastKnownFileType = sourcecode.swift; path = KhuongBlockchainTests.swift; sourceTree = "<group>"; };
		A1BD2A2920D24D1E00400FC2 /* Info.plist */ = {isa = PBXFileReference; lastKnownFileType = text.plist.xml; path = Info.plist; sourceTree = "<group>"; };
		A1BD2A2E20D24D1E00400FC2 /* KhuongBlockchainUITests.xctest */ = {isa = PBXFileReference; explicitFileType = wrapper.cfbundle; includeInIndex = 0; path = KhuongBlockchainUITests.xctest; sourceTree = BUILT_PRODUCTS_DIR; };
		A1BD2A3220D24D1E00400FC2 /* KhuongBlockchainUITests.swift */ = {isa = PBXFileReference; lastKnownFileType = sourcecode.swift; path = KhuongBlockchainUITests.swift; sourceTree = "<group>"; };
		A1BD2A3420D24D1E00400FC2 /* Info.plist */ = {isa = PBXFileReference; lastKnownFileType = text.plist.xml; path = Info.plist; sourceTree = "<group>"; };
		A1BD2A4020D24D7E00400FC2 /* Block.swift */ = {isa = PBXFileReference; lastKnownFileType = sourcecode.swift; path = Block.swift; sourceTree = "<group>"; };
		A1BD2A4220D24E3900400FC2 /* Blockchain.swift */ = {isa = PBXFileReference; lastKnownFileType = sourcecode.swift; path = Blockchain.swift; sourceTree = "<group>"; };
/* End PBXFileReference section */

/* Begin PBXFrameworksBuildPhase section */
		A1BD2A0920D24D1C00400FC2 /* Frameworks */ = {
			isa = PBXFrameworksBuildPhase;
			buildActionMask = 2147483647;
			files = (
			);
			runOnlyForDeploymentPostprocessing = 0;
		};
		A1BD2A2020D24D1E00400FC2 /* Frameworks */ = {
			isa = PBXFrameworksBuildPhase;
			buildActionMask = 2147483647;
			files = (
			);
			runOnlyForDeploymentPostprocessing = 0;
		};
		A1BD2A2B20D24D1E00400FC2 /* Frameworks */ = {
			isa = PBXFrameworksBuildPhase;
			buildActionMask = 2147483647;
			files = (
			);
			runOnlyForDeploymentPostprocessing = 0;
		};
/* End PBXFrameworksBuildPhase section */

/* Begin PBXGroup section */
		A1BD2A0320D24D1C00400FC2 = {
			isa = PBXGroup;
			children = (
				A1BD2A0E20D24D1C00400FC2 /* KhuongBlockchain */,
				A1BD2A2620D24D1E00400FC2 /* KhuongBlockchainTests */,
				A1BD2A3120D24D1E00400FC2 /* KhuongBlockchainUITests */,
				A1BD2A0D20D24D1C00400FC2 /* Products */,
			);
			sourceTree = "<group>";
		};
		A1BD2A0D20D24D1C00400FC2 /* Products */ = {
			isa = PBXGroup;
			children = (
				A1BD2A0C20D24D1C00400FC2 /* KhuongBlockchain.app */,
				A1BD2A2320D24D1E00400FC2 /* KhuongBlockchainTests.xctest */,
				A1BD2A2E20D24D1E00400FC2 /* KhuongBlockchainUITests.xctest */,
			);
			name = Products;
			sourceTree = "<group>";
		};
		A1BD2A0E20D24D1C00400FC2 /* KhuongBlockchain */ = {
			isa = PBXGroup;
			children = (
				A1BD2A0F20D24D1C00400FC2 /* AppDelegate.swift */,
				A1BD2A1120D24D1C00400FC2 /* ViewController.swift */,
				A1BD2A1320D24D1C00400FC2 /* Main.storyboard */,
				A1BD2A1920D24D1E00400FC2 /* Assets.xcassets */,
				A1BD2A1B20D24D1E00400FC2 /* LaunchScreen.storyboard */,
				A1BD2A1E20D24D1E00400FC2 /* Info.plist */,
				A1BD2A1620D24D1C00400FC2 /* KhuongBlockchain.xcdatamodeld */,
				A1BD2A4020D24D7E00400FC2 /* Block.swift */,
				A1BD2A4220D24E3900400FC2 /* Blockchain.swift */,
			);
			path = KhuongBlockchain;
			sourceTree = "<group>";
		};
		A1BD2A2620D24D1E00400FC2 /* KhuongBlockchainTests */ = {
			isa = PBXGroup;
			children = (
				A1BD2A2720D24D1E00400FC2 /* KhuongBlockchainTests.swift */,
				A1BD2A2920D24D1E00400FC2 /* Info.plist */,
			);
			path = KhuongBlockchainTests;
			sourceTree = "<group>";
		};
		A1BD2A3120D24D1E00400FC2 /* KhuongBlockchainUITests */ = {
			isa = PBXGroup;
			children = (
				A1BD2A3220D24D1E00400FC2 /* KhuongBlockchainUITests.swift */,
				A1BD2A3420D24D1E00400FC2 /* Info.plist */,
			);
			path = KhuongBlockchainUITests;
			sourceTree = "<group>";
		};
/* End PBXGroup section */

/* Begin PBXNativeTarget section */
		A1BD2A0B20D24D1C00400FC2 /* KhuongBlockchain */ = {
			isa = PBXNativeTarget;
			buildConfigurationList = A1BD2A3720D24D1E00400FC2 /* Build configuration list for PBXNativeTarget "KhuongBlockchain" */;
			buildPhases = (
				A1BD2A0820D24D1C00400FC2 /* Sources */,
				A1BD2A0920D24D1C00400FC2 /* Frameworks */,
				A1BD2A0A20D24D1C00400FC2 /* Resources */,
			);
			buildRules = (
			);
			dependencies = (
			);
			name = KhuongBlockchain;
			productName = KhuongBlockchain;
			productReference = A1BD2A0C20D24D1C00400FC2 /* KhuongBlockchain.app */;
			productType = "com.apple.product-type.application";
		};
		A1BD2A2220D24D1E00400FC2 /* KhuongBlockchainTests */ = {
			isa = PBXNativeTarget;
			buildConfigurationList = A1BD2A3A20D24D1E00400FC2 /* Build configuration list for PBXNativeTarget "KhuongBlockchainTests" */;
			buildPhases = (
				A1BD2A1F20D24D1E00400FC2 /* Sources */,
				A1BD2A2020D24D1E00400FC2 /* Frameworks */,
				A1BD2A2120D24D1E00400FC2 /* Resources */,
			);
			buildRules = (
			);
			dependencies = (
				A1BD2A2520D24D1E00400FC2 /* PBXTargetDependency */,
			);
			name = KhuongBlockchainTests;
			productName = KhuongBlockchainTests;
			productReference = A1BD2A2320D24D1E00400FC2 /* KhuongBlockchainTests.xctest */;
			productType = "com.apple.product-type.bundle.unit-test";
		};
		A1BD2A2D20D24D1E00400FC2 /* KhuongBlockchainUITests */ = {
			isa = PBXNativeTarget;
			buildConfigurationList = A1BD2A3D20D24D1E00400FC2 /* Build configuration list for PBXNativeTarget "KhuongBlockchainUITests" */;
			buildPhases = (
				A1BD2A2A20D24D1E00400FC2 /* Sources */,
				A1BD2A2B20D24D1E00400FC2 /* Frameworks */,
				A1BD2A2C20D24D1E00400FC2 /* Resources */,
			);
			buildRules = (
			);
			dependencies = (
				A1BD2A3020D24D1E00400FC2 /* PBXTargetDependency */,
			);
			name = KhuongBlockchainUITests;
			productName = KhuongBlockchainUITests;
			productReference = A1BD2A2E20D24D1E00400FC2 /* KhuongBlockchainUITests.xctest */;
			productType = "com.apple.product-type.bundle.ui-testing";
		};
/* End PBXNativeTarget section */

/* Begin PBXProject section */
		A1BD2A0420D24D1C00400FC2 /* Project object */ = {
			isa = PBXProject;
			attributes = {
				LastSwiftUpdateCheck = 0940;
				LastUpgradeCheck = 0940;
				ORGANIZATIONNAME = "Tran Khuong";
				TargetAttributes = {
					A1BD2A0B20D24D1C00400FC2 = {
						CreatedOnToolsVersion = 9.4;
					};
					A1BD2A2220D24D1E00400FC2 = {
						CreatedOnToolsVersion = 9.4;
						TestTargetID = A1BD2A0B20D24D1C00400FC2;
					};
					A1BD2A2D20D24D1E00400FC2 = {
						CreatedOnToolsVersion = 9.4;
						TestTargetID = A1BD2A0B20D24D1C00400FC2;
					};
				};
			};
			buildConfigurationList = A1BD2A0720D24D1C00400FC2 /* Build configuration list for PBXProject "KhuongBlockchain" */;
			compatibilityVersion = "Xcode 9.3";
			developmentRegion = en;
			hasScannedForEncodings = 0;
			knownRegions = (
				en,
				Base,
			);
			mainGroup = A1BD2A0320D24D1C00400FC2;
			productRefGroup = A1BD2A0D20D24D1C00400FC2 /* Products */;
			projectDirPath = "";
			projectRoot = "";
			targets = (
				A1BD2A0B20D24D1C00400FC2 /* KhuongBlockchain */,
				A1BD2A2220D24D1E00400FC2 /* KhuongBlockchainTests */,
				A1BD2A2D20D24D1E00400FC2 /* KhuongBlockchainUITests */,
			);
		};
/* End PBXProject section */

/* Begin PBXResourcesBuildPhase section */
		A1BD2A0A20D24D1C00400FC2 /* Resources */ = {
			isa = PBXResourcesBuildPhase;
			buildActionMask = 2147483647;
			files = (
				A1BD2A1D20D24D1E00400FC2 /* LaunchScreen.storyboard in Resources */,
				A1BD2A1A20D24D1E00400FC2 /* Assets.xcassets in Resources */,
				A1BD2A1520D24D1C00400FC2 /* Main.storyboard in Resources */,
			);
			runOnlyForDeploymentPostprocessing = 0;
		};
		A1BD2A2120D24D1E00400FC2 /* Resources */ = {
			isa = PBXResourcesBuildPhase;
			buildActionMask = 2147483647;
			files = (
			);
			runOnlyForDeploymentPostprocessing = 0;
		};
		A1BD2A2C20D24D1E00400FC2 /* Resources */ = {
			isa = PBXResourcesBuildPhase;
			buildActionMask = 2147483647;
			files = (
			);
			runOnlyForDeploymentPostprocessing = 0;
		};
/* End PBXResourcesBuildPhase section */

/* Begin PBXSourcesBuildPhase section */
		A1BD2A0820D24D1C00400FC2 /* Sources */ = {
			isa = PBXSourcesBuildPhase;
			buildActionMask = 2147483647;
			files = (
				A1BD2A1220D24D1C00400FC2 /* ViewController.swift in Sources */,
				A1BD2A4120D24D7E00400FC2 /* Block.swift in Sources */,
				A1BD2A1020D24D1C00400FC2 /* AppDelegate.swift in Sources */,
				A1BD2A1820D24D1C00400FC2 /* KhuongBlockchain.xcdatamodeld in Sources */,
				A1BD2A4320D24E3900400FC2 /* Blockchain.swift in Sources */,
			);
			runOnlyForDeploymentPostprocessing = 0;
		};
		A1BD2A1F20D24D1E00400FC2 /* Sources */ = {
			isa = PBXSourcesBuildPhase;
			buildActionMask = 2147483647;
			files = (
				A1BD2A2820D24D1E00400FC2 /* KhuongBlockchainTests.swift in Sources */,
			);
			runOnlyForDeploymentPostprocessing = 0;
		};
		A1BD2A2A20D24D1E00400FC2 /* Sources */ = {
			isa = PBXSourcesBuildPhase;
			buildActionMask = 2147483647;
			files = (
				A1BD2A3320D24D1E00400FC2 /* KhuongBlockchainUITests.swift in Sources */,
			);
			runOnlyForDeploymentPostprocessing = 0;
		};
/* End PBXSourcesBuildPhase section */

/* Begin PBXTargetDependency section */
		A1BD2A2520D24D1E00400FC2 /* PBXTargetDependency */ = {
			isa = PBXTargetDependency;
			target = A1BD2A0B20D24D1C00400FC2 /* KhuongBlockchain */;
			targetProxy = A1BD2A2420D24D1E00400FC2 /* PBXContainerItemProxy */;
		};
		A1BD2A3020D24D1E00400FC2 /* PBXTargetDependency */ = {
			isa = PBXTargetDependency;
			target = A1BD2A0B20D24D1C00400FC2 /* KhuongBlockchain */;
			targetProxy = A1BD2A2F20D24D1E00400FC2 /* PBXContainerItemProxy */;
		};
/* End PBXTargetDependency section */

/* Begin PBXVariantGroup section */
		A1BD2A1320D24D1C00400FC2 /* Main.storyboard */ = {
			isa = PBXVariantGroup;
			children = (
				A1BD2A1420D24D1C00400FC2 /* Base */,
			);
			name = Main.storyboard;
			sourceTree = "<group>";
		};
		A1BD2A1B20D24D1E00400FC2 /* LaunchScreen.storyboard */ = {
			isa = PBXVariantGroup;
			children = (
				A1BD2A1C20D24D1E00400FC2 /* Base */,
			);
			name = LaunchScreen.storyboard;
			sourceTree = "<group>";
		};
/* End PBXVariantGroup section */

/* Begin XCBuildConfiguration section */
		A1BD2A3520D24D1E00400FC2 /* Debug */ = {
			isa = XCBuildConfiguration;
			buildSettings = {
				ALWAYS_SEARCH_USER_PATHS = NO;
				CLANG_ANALYZER_NONNULL = YES;
				CLANG_ANALYZER_NUMBER_OBJECT_CONVERSION = YES_AGGRESSIVE;
				CLANG_CXX_LANGUAGE_STANDARD = "gnu++14";
				CLANG_CXX_LIBRARY = "libc++";
				CLANG_ENABLE_MODULES = YES;
				CLANG_ENABLE_OBJC_ARC = YES;
				CLANG_ENABLE_OBJC_WEAK = YES;
				CLANG_WARN_BLOCK_CAPTURE_AUTORELEASING = YES;
				CLANG_WARN_BOOL_CONVERSION = YES;
				CLANG_WARN_COMMA = YES;
				CLANG_WARN_CONSTANT_CONVERSION = YES;
				CLANG_WARN_DEPRECATED_OBJC_IMPLEMENTATIONS = YES;
				CLANG_WARN_DIRECT_OBJC_ISA_USAGE = YES_ERROR;
				CLANG_WARN_DOCUMENTATION_COMMENTS = YES;
				CLANG_WARN_EMPTY_BODY = YES;
				CLANG_WARN_ENUM_CONVERSION = YES;
				CLANG_WARN_INFINITE_RECURSION = YES;
				CLANG_WARN_INT_CONVERSION = YES;
				CLANG_WARN_NON_LITERAL_NULL_CONVERSION = YES;
				CLANG_WARN_OBJC_IMPLICIT_RETAIN_SELF = YES;
				CLANG_WARN_OBJC_LITERAL_CONVERSION = YES;
				CLANG_WARN_OBJC_ROOT_CLASS = YES_ERROR;
				CLANG_WARN_RANGE_LOOP_ANALYSIS = YES;
				CLANG_WARN_STRICT_PROTOTYPES = YES;
				CLANG_WARN_SUSPICIOUS_MOVE = YES;
				CLANG_WARN_UNGUARDED_AVAILABILITY = YES_AGGRESSIVE;
				CLANG_WARN_UNREACHABLE_CODE = YES;
				CLANG_WARN__DUPLICATE_METHOD_MATCH = YES;
				CODE_SIGN_IDENTITY = "iPhone Developer";
				COPY_PHASE_STRIP = NO;
				DEBUG_INFORMATION_FORMAT = dwarf;
				ENABLE_STRICT_OBJC_MSGSEND = YES;
				ENABLE_TESTABILITY = YES;
				GCC_C_LANGUAGE_STANDARD = gnu11;
				GCC_DYNAMIC_NO_PIC = NO;
				GCC_NO_COMMON_BLOCKS = YES;
				GCC_OPTIMIZATION_LEVEL = 0;
				GCC_PREPROCESSOR_DEFINITIONS = (
					"DEBUG=1",
					"$(inherited)",
				);
				GCC_WARN_64_TO_32_BIT_CONVERSION = YES;
				GCC_WARN_ABOUT_RETURN_TYPE = YES_ERROR;
				GCC_WARN_UNDECLARED_SELECTOR = YES;
				GCC_WARN_UNINITIALIZED_AUTOS = YES_AGGRESSIVE;
				GCC_WARN_UNUSED_FUNCTION = YES;
				GCC_WARN_UNUSED_VARIABLE = YES;
				IPHONEOS_DEPLOYMENT_TARGET = 11.4;
				MTL_ENABLE_DEBUG_INFO = YES;
				ONLY_ACTIVE_ARCH = YES;
				SDKROOT = iphoneos;
				SWIFT_ACTIVE_COMPILATION_CONDITIONS = DEBUG;
				SWIFT_OPTIMIZATION_LEVEL = "-Onone";
			};
			name = Debug;
		};
		A1BD2A3620D24D1E00400FC2 /* Release */ = {
			isa = XCBuildConfiguration;
			buildSettings = {
				ALWAYS_SEARCH_USER_PATHS = NO;
				CLANG_ANALYZER_NONNULL = YES;
				CLANG_ANALYZER_NUMBER_OBJECT_CONVERSION = YES_AGGRESSIVE;
				CLANG_CXX_LANGUAGE_STANDARD = "gnu++14";
				CLANG_CXX_LIBRARY = "libc++";
				CLANG_ENABLE_MODULES = YES;
				CLANG_ENABLE_OBJC_ARC = YES;
				CLANG_ENABLE_OBJC_WEAK = YES;
				CLANG_WARN_BLOCK_CAPTURE_AUTORELEASING = YES;
				CLANG_WARN_BOOL_CONVERSION = YES;
				CLANG_WARN_COMMA = YES;
				CLANG_WARN_CONSTANT_CONVERSION = YES;
				CLANG_WARN_DEPRECATED_OBJC_IMPLEMENTATIONS = YES;
				CLANG_WARN_DIRECT_OBJC_ISA_USAGE = YES_ERROR;
				CLANG_WARN_DOCUMENTATION_COMMENTS = YES;
				CLANG_WARN_EMPTY_BODY = YES;
				CLANG_WARN_ENUM_CONVERSION = YES;
				CLANG_WARN_INFINITE_RECURSION = YES;
				CLANG_WARN_INT_CONVERSION = YES;
				CLANG_WARN_NON_LITERAL_NULL_CONVERSION = YES;
				CLANG_WARN_OBJC_IMPLICIT_RETAIN_SELF = YES;
				CLANG_WARN_OBJC_LITERAL_CONVERSION = YES;
				CLANG_WARN_OBJC_ROOT_CLASS = YES_ERROR;
				CLANG_WARN_RANGE_LOOP_ANALYSIS = YES;
				CLANG_WARN_STRICT_PROTOTYPES = YES;
				CLANG_WARN_SUSPICIOUS_MOVE = YES;
				CLANG_WARN_UNGUARDED_AVAILABILITY = YES_AGGRESSIVE;
				CLANG_WARN_UNREACHABLE_CODE = YES;
				CLANG_WARN__DUPLICATE_METHOD_MATCH = YES;
				CODE_SIGN_IDENTITY = "iPhone Developer";
				COPY_PHASE_STRIP = NO;
				DEBUG_INFORMATION_FORMAT = "dwarf-with-dsym";
				ENABLE_NS_ASSERTIONS = NO;
				ENABLE_STRICT_OBJC_MSGSEND = YES;
				GCC_C_LANGUAGE_STANDARD = gnu11;
				GCC_NO_COMMON_BLOCKS = YES;
				GCC_WARN_64_TO_32_BIT_CONVERSION = YES;
				GCC_WARN_ABOUT_RETURN_TYPE = YES_ERROR;
				GCC_WARN_UNDECLARED_SELECTOR = YES;
				GCC_WARN_UNINITIALIZED_AUTOS = YES_AGGRESSIVE;
				GCC_WARN_UNUSED_FUNCTION = YES;
				GCC_WARN_UNUSED_VARIABLE = YES;
				IPHONEOS_DEPLOYMENT_TARGET = 11.4;
				MTL_ENABLE_DEBUG_INFO = NO;
				SDKROOT = iphoneos;
				SWIFT_COMPILATION_MODE = wholemodule;
				SWIFT_OPTIMIZATION_LEVEL = "-O";
				VALIDATE_PRODUCT = YES;
			};
			name = Release;
		};
		A1BD2A3820D24D1E00400FC2 /* Debug */ = {
			isa = XCBuildConfiguration;
			buildSettings = {
				ASSETCATALOG_COMPILER_APPICON_NAME = AppIcon;
				CODE_SIGN_STYLE = Automatic;
				DEVELOPMENT_TEAM = 53FNWAZ874;
				INFOPLIST_FILE = KhuongBlockchain/Info.plist;
				LD_RUNPATH_SEARCH_PATHS = (
					"$(inherited)",
					"@executable_path/Frameworks",
				);
				PRODUCT_BUNDLE_IDENTIFIER = khuong.KhuongBlockchain;
				PRODUCT_NAME = "$(TARGET_NAME)";
				SWIFT_VERSION = 4.0;
				TARGETED_DEVICE_FAMILY = "1,2";
			};
			name = Debug;
		};
		A1BD2A3920D24D1E00400FC2 /* Release */ = {
			isa = XCBuildConfiguration;
			buildSettings = {
				ASSETCATALOG_COMPILER_APPICON_NAME = AppIcon;
				CODE_SIGN_STYLE = Automatic;
				DEVELOPMENT_TEAM = 53FNWAZ874;
				INFOPLIST_FILE = KhuongBlockchain/Info.plist;
				LD_RUNPATH_SEARCH_PATHS = (
					"$(inherited)",
					"@executable_path/Frameworks",
				);
				PRODUCT_BUNDLE_IDENTIFIER = khuong.KhuongBlockchain;
				PRODUCT_NAME = "$(TARGET_NAME)";
				SWIFT_VERSION = 4.0;
				TARGETED_DEVICE_FAMILY = "1,2";
			};
			name = Release;
		};
		A1BD2A3B20D24D1E00400FC2 /* Debug */ = {
			isa = XCBuildConfiguration;
			buildSettings = {
				ALWAYS_EMBED_SWIFT_STANDARD_LIBRARIES = YES;
				BUNDLE_LOADER = "$(TEST_HOST)";
				CODE_SIGN_STYLE = Automatic;
				DEVELOPMENT_TEAM = 53FNWAZ874;
				INFOPLIST_FILE = KhuongBlockchainTests/Info.plist;
				LD_RUNPATH_SEARCH_PATHS = (
					"$(inherited)",
					"@executable_path/Frameworks",
					"@loader_path/Frameworks",
				);
				PRODUCT_BUNDLE_IDENTIFIER = khuong.KhuongBlockchainTests;
				PRODUCT_NAME = "$(TARGET_NAME)";
				SWIFT_VERSION = 4.0;
				TARGETED_DEVICE_FAMILY = "1,2";
				TEST_HOST = "$(BUILT_PRODUCTS_DIR)/KhuongBlockchain.app/KhuongBlockchain";
			};
			name = Debug;
		};
		A1BD2A3C20D24D1E00400FC2 /* Release */ = {
			isa = XCBuildConfiguration;
			buildSettings = {
				ALWAYS_EMBED_SWIFT_STANDARD_LIBRARIES = YES;
				BUNDLE_LOADER = "$(TEST_HOST)";
				CODE_SIGN_STYLE = Automatic;
				DEVELOPMENT_TEAM = 53FNWAZ874;
				INFOPLIST_FILE = KhuongBlockchainTests/Info.plist;
				LD_RUNPATH_SEARCH_PATHS = (
					"$(inherited)",
					"@executable_path/Frameworks",
					"@loader_path/Frameworks",
				);
				PRODUCT_BUNDLE_IDENTIFIER = khuong.KhuongBlockchainTests;
				PRODUCT_NAME = "$(TARGET_NAME)";
				SWIFT_VERSION = 4.0;
				TARGETED_DEVICE_FAMILY = "1,2";
				TEST_HOST = "$(BUILT_PRODUCTS_DIR)/KhuongBlockchain.app/KhuongBlockchain";
			};
			name = Release;
		};
		A1BD2A3E20D24D1E00400FC2 /* Debug */ = {
			isa = XCBuildConfiguration;
			buildSettings = {
				ALWAYS_EMBED_SWIFT_STANDARD_LIBRARIES = YES;
				CODE_SIGN_STYLE = Automatic;
				DEVELOPMENT_TEAM = 53FNWAZ874;
				INFOPLIST_FILE = KhuongBlockchainUITests/Info.plist;
				LD_RUNPATH_SEARCH_PATHS = (
					"$(inherited)",
					"@executable_path/Frameworks",
					"@loader_path/Frameworks",
				);
				PRODUCT_BUNDLE_IDENTIFIER = khuong.KhuongBlockchainUITests;
				PRODUCT_NAME = "$(TARGET_NAME)";
				SWIFT_VERSION = 4.0;
				TARGETED_DEVICE_FAMILY = "1,2";
				TEST_TARGET_NAME = KhuongBlockchain;
			};
			name = Debug;
		};
		A1BD2A3F20D24D1E00400FC2 /* Release */ = {
			isa = XCBuildConfiguration;
			buildSettings = {
				ALWAYS_EMBED_SWIFT_STANDARD_LIBRARIES = YES;
				CODE_SIGN_STYLE = Automatic;
				DEVELOPMENT_TEAM = 53FNWAZ874;
				INFOPLIST_FILE = KhuongBlockchainUITests/Info.plist;
				LD_RUNPATH_SEARCH_PATHS = (
					"$(inherited)",
					"@executable_path/Frameworks",
					"@loader_path/Frameworks",
				);
				PRODUCT_BUNDLE_IDENTIFIER = khuong.KhuongBlockchainUITests;
				PRODUCT_NAME = "$(TARGET_NAME)";
				SWIFT_VERSION = 4.0;
				TARGETED_DEVICE_FAMILY = "1,2";
				TEST_TARGET_NAME = KhuongBlockchain;
			};
			name = Release;
		};
/* End XCBuildConfiguration section */

/* Begin XCConfigurationList section */
		A1BD2A0720D24D1C00400FC2 /* Build configuration list for PBXProject "KhuongBlockchain" */ = {
			isa = XCConfigurationList;
			buildConfigurations = (
				A1BD2A3520D24D1E00400FC2 /* Debug */,
				A1BD2A3620D24D1E00400FC2 /* Release */,
			);
			defaultConfigurationIsVisible = 0;
			defaultConfigurationName = Release;
		};
		A1BD2A3720D24D1E00400FC2 /* Build configuration list for PBXNativeTarget "KhuongBlockchain" */ = {
			isa = XCConfigurationList;
			buildConfigurations = (
				A1BD2A3820D24D1E00400FC2 /* Debug */,
				A1BD2A3920D24D1E00400FC2 /* Release */,
			);
			defaultConfigurationIsVisible = 0;
			defaultConfigurationName = Release;
		};
		A1BD2A3A20D24D1E00400FC2 /* Build configuration list for PBXNativeTarget "KhuongBlockchainTests" */ = {
			isa = XCConfigurationList;
			buildConfigurations = (
				A1BD2A3B20D24D1E00400FC2 /* Debug */,
				A1BD2A3C20D24D1E00400FC2 /* Release */,
			);
			defaultConfigurationIsVisible = 0;
			defaultConfigurationName = Release;
		};
		A1BD2A3D20D24D1E00400FC2 /* Build configuration list for PBXNativeTarget "KhuongBlockchainUITests" */ = {
			isa = XCConfigurationList;
			buildConfigurations = (
				A1BD2A3E20D24D1E00400FC2 /* Debug */,
				A1BD2A3F20D24D1E00400FC2 /* Release */,
			);
			defaultConfigurationIsVisible = 0;
			defaultConfigurationName = Release;
		};
/* End XCConfigurationList section */

/* Begin XCVersionGroup section */
		A1BD2A1620D24D1C00400FC2 /* KhuongBlockchain.xcdatamodeld */ = {
			isa = XCVersionGroup;
			children = (
				A1BD2A1720D24D1C00400FC2 /* KhuongBlockchain.xcdatamodel */,
			);
			currentVersion = A1BD2A1720D24D1C00400FC2 /* KhuongBlockchain.xcdatamodel */;
			path = KhuongBlockchain.xcdatamodeld;
			sourceTree = "<group>";
			versionGroupType = wrapper.xcdatamodel;
		};
/* End XCVersionGroup section */
	};
	rootObject = A1BD2A0420D24D1C00400FC2 /* Project object */;
}
